dependencies:
- name: prometheus
  repository: https://kubernetes-charts.storage.googleapis.com
  version: 9.1.0
- name: grafana
  repository: https://kubernetes-charts.storage.googleapis.com
  version: 3.8.9
digest: sha256:db76131ef769eb692726a9c7c7137d74f601dd06e04e299dc5e7a58c8242c602
generated: "2019-09-06T14:45:44.12468719+02:00"
